{
  "name": "node-rustlings-template",
  "version": "1.0.0",
  "lockfileVersion": 2,
  "requires": true,
  "packages": {
    "": {
      "name": "node-rustlings-template",
      "version": "1.0.0",
      "license": "ISC",
      "dependencies": {
        "rustlings": "^0.0.1"
      }
    },
    "node_modules/commander": {
      "version": "9.4.1",
      "resolved": "https://registry.npmjs.org/commander/-/commander-9.4.1.tgz",
      "integrity": "sha512-5EEkTNyHNGFPD2H+c/dXXfQZYa/scCKasxWcXJaWnNJ99pnQN9Vnmqow+p+PlFPE63Q6mThaZws1T+HxfpgtPw==",
      "engines": {
        "node": "^12.20.0 || >=14"
      }
    },
    "node_modules/rustlings": {
      "version": "0.0.1",
      "resolved": "https://registry.npmjs.org/rustlings/-/rustlings-0.0.1.tgz",
      "integrity": "sha512-P2jZcjRyOyZDdNq8zNtKzY7g0UsH9MOIZ+2NsLKWThBiTy4HUOsNhMN4vSpm7g9vDQZt3cWD10R0/ptJll9ijQ==",
      "dependencies": {
        "commander": "^9.4.1"
      },
      "bin": {
        "nrustlings": "bin/rustlings.js"
      }
    }
  },
  "dependencies": {
    "commander": {
      "version": "9.4.1",
      "resolved": "https://registry.npmjs.org/commander/-/commander-9.4.1.tgz",
      "integrity": "sha512-5EEkTNyHNGFPD2H+c/dXXfQZYa/scCKasxWcXJaWnNJ99pnQN9Vnmqow+p+PlFPE63Q6mThaZws1T+HxfpgtPw=="
    },
    "rustlings": {
      "version": "0.0.1",
      "resolved": "https://registry.npmjs.org/rustlings/-/rustlings-0.0.1.tgz",
      "integrity": "sha512-P2jZcjRyOyZDdNq8zNtKzY7g0UsH9MOIZ+2NsLKWThBiTy4HUOsNhMN4vSpm7g9vDQZt3cWD10R0/ptJll9ijQ==",
      "requires": {
        "commander": "^9.4.1"
      }
    }
  }
}
